
Microsoft Visual Studio Solution File, Format Version 12.00
# Visual Studio Version 16
VisualStudioVersion = 16.0.29025.244
MinimumVisualStudioVersion = 10.0.40219.1
Project("{9A19103F-16F7-4668-BE54-9A1E7A4F7556}") = "DotNetCoreWebApiJwtSample", "DotNetCoreWebApiJwtSample\DotNetCoreWebApiJwtSample.csproj", "{BED67B64-E215-4EAA-9774-FD55EF5FCB89}"
EndProject
Project("{FAE04EC0-301F-11D3-BF4B-00C04F79EFBC}") = "DotNetCoreWebApiJwtSample.Test", "DotNetCoreWebApiJwtSample.Test\DotNetCoreWebApiJwtSample.Test.csproj", "{9FD0F794-B625-4640-9120-45F790C2E955}"
EndProject
Global
	GlobalSection(SolutionConfigurationPlatforms) = preSolution
		Debug|Any CPU = Debug|Any CPU
		Release|Any CPU = Release|Any CPU
	EndGlobalSection
	GlobalSection(ProjectConfigurationPlatforms) = postSolution
		{BED67B64-E215-4EAA-9774-FD55EF5FCB89}.Debug|Any CPU.ActiveCfg = Debug|Any CPU
		{BED67B64-E215-4EAA-9774-FD55EF5FCB89}.Debug|Any CPU.Build.0 = Debug|Any CPU
		{BED67B64-E215-4EAA-9774-FD55EF5FCB89}.Release|Any CPU.ActiveCfg = Release|Any CPU
		{BED67B64-E215-4EAA-9774-FD55EF5FCB89}.Release|Any CPU.Build.0 = Release|Any CPU
		{9FD0F794-B625-4640-9120-45F790C2E955}.Debug|Any CPU.ActiveCfg = Debug|Any CPU
		{9FD0F794-B625-4640-9120-45F790C2E955}.Debug|Any CPU.Build.0 = Debug|Any CPU
		{9FD0F794-B625-4640-9120-45F790C2E955}.Release|Any CPU.ActiveCfg = Release|Any CPU
		{9FD0F794-B625-4640-9120-45F790C2E955}.Release|Any CPU.Build.0 = Release|Any CPU
	EndGlobalSection
	GlobalSection(SolutionProperties) = preSolution
		HideSolutionNode = FALSE
	EndGlobalSection
	GlobalSection(ExtensibilityGlobals) = postSolution
		SolutionGuid = {859F09F9-F708-416F-AD74-26B795ACC33E}
	EndGlobalSection
EndGlobal
